
Microsoft Visual Studio Solution File, Format Version 12.00
# Visual Studio 15
VisualStudioVersion = 15.0.26228.9
MinimumVisualStudioVersion = 10.0.40219.1
Project("{FAE04EC0-301F-11D3-BF4B-00C04F79EFBC}") = "WeatherWidget", "WeatherWidget\WeatherWidget.csproj", "{23BEE720-41C5-4E46-9B3F-525CBFD31622}"
EndProject
Project("{FAE04EC0-301F-11D3-BF4B-00C04F79EFBC}") = "WeatherWidgetLib", "WeatherWidgetLib\WeatherWidgetLib.csproj", "{ECF949CB-D670-4C6A-9E7F-59E0EE0A810D}"
EndProject
Project("{54435603-DBB4-11D2-8724-00A0C9A8B90C}") = "WeatherWidgetSetup", "WeatherWidgetSetup\WeatherWidgetSetup.vdproj", "{7A2D9D51-4F57-4C19-B1F1-F8761669FE0B}"
EndProject
Project("{FAE04EC0-301F-11D3-BF4B-00C04F79EFBC}") = "WeatherWidget2", "WeatherWidget2\WeatherWidget2.csproj", "{7714B208-C001-42C9-8200-D70181760F42}"
EndProject
Global
	GlobalSection(SolutionConfigurationPlatforms) = preSolution
		Debug|Any CPU = Debug|Any CPU
		Release|Any CPU = Release|Any CPU
	EndGlobalSection
	GlobalSection(ProjectConfigurationPlatforms) = postSolution
		{23BEE720-41C5-4E46-9B3F-525CBFD31622}.Debug|Any CPU.ActiveCfg = Debug|Any CPU
		{23BEE720-41C5-4E46-9B3F-525CBFD31622}.Debug|Any CPU.Build.0 = Debug|Any CPU
		{23BEE720-41C5-4E46-9B3F-525CBFD31622}.Release|Any CPU.ActiveCfg = Release|Any CPU
		{23BEE720-41C5-4E46-9B3F-525CBFD31622}.Release|Any CPU.Build.0 = Release|Any CPU
		{ECF949CB-D670-4C6A-9E7F-59E0EE0A810D}.Debug|Any CPU.ActiveCfg = Debug|Any CPU
		{ECF949CB-D670-4C6A-9E7F-59E0EE0A810D}.Debug|Any CPU.Build.0 = Debug|Any CPU
		{ECF949CB-D670-4C6A-9E7F-59E0EE0A810D}.Release|Any CPU.ActiveCfg = Release|Any CPU
		{ECF949CB-D670-4C6A-9E7F-59E0EE0A810D}.Release|Any CPU.Build.0 = Release|Any CPU
		{7A2D9D51-4F57-4C19-B1F1-F8761669FE0B}.Debug|Any CPU.ActiveCfg = Debug
		{7A2D9D51-4F57-4C19-B1F1-F8761669FE0B}.Release|Any CPU.ActiveCfg = Release
		{7714B208-C001-42C9-8200-D70181760F42}.Debug|Any CPU.ActiveCfg = Debug|Any CPU
		{7714B208-C001-42C9-8200-D70181760F42}.Debug|Any CPU.Build.0 = Debug|Any CPU
		{7714B208-C001-42C9-8200-D70181760F42}.Release|Any CPU.ActiveCfg = Release|Any CPU
		{7714B208-C001-42C9-8200-D70181760F42}.Release|Any CPU.Build.0 = Release|Any CPU
	EndGlobalSection
	GlobalSection(SolutionProperties) = preSolution
		HideSolutionNode = FALSE
	EndGlobalSection
EndGlobal
